
Microsoft Visual Studio Solution File, Format Version 12.00
# Visual Studio 15
VisualStudioVersion = 15.0.28307.1145
MinimumVisualStudioVersion = 10.0.40219.1
Project("{FAE04EC0-301F-11D3-BF4B-00C04F79EFBC}") = "pixelArtArrayGenerator", "pixelArtArrayGenerator\pixelArtArrayGenerator.csproj", "{805970AF-B5B7-46E6-9BD5-7F0A1371D7EE}"
EndProject
Global
	GlobalSection(SolutionConfigurationPlatforms) = preSolution
		Debug|Any CPU = Debug|Any CPU
		Release|Any CPU = Release|Any CPU
	EndGlobalSection
	GlobalSection(ProjectConfigurationPlatforms) = postSolution
		{805970AF-B5B7-46E6-9BD5-7F0A1371D7EE}.Debug|Any CPU.ActiveCfg = Debug|Any CPU
		{805970AF-B5B7-46E6-9BD5-7F0A1371D7EE}.Debug|Any CPU.Build.0 = Debug|Any CPU
		{805970AF-B5B7-46E6-9BD5-7F0A1371D7EE}.Release|Any CPU.ActiveCfg = Release|Any CPU
		{805970AF-B5B7-46E6-9BD5-7F0A1371D7EE}.Release|Any CPU.Build.0 = Release|Any CPU
	EndGlobalSection
	GlobalSection(SolutionProperties) = preSolution
		HideSolutionNode = FALSE
	EndGlobalSection
	GlobalSection(ExtensibilityGlobals) = postSolution
		SolutionGuid = {D0CF7F51-F52F-40B8-AC7F-7644CCF36BBD}
	EndGlobalSection
EndGlobal
